// !$*UTF8*$!
{
	archiveVersion = 1;
	classes = {
	};
	objectVersion = 50;
	objects = {

/* Begin PBXBuildFile section */
		392657D522324B65007B4808 /* InsertionSort.swift in Sources */ = {isa = PBXBuildFile; fileRef = 392657D422324B65007B4808 /* InsertionSort.swift */; };
		39E18C7E223239AC00FBC230 /* Queue.swift in Sources */ = {isa = PBXBuildFile; fileRef = 39E18C7D223239AC00FBC230 /* Queue.swift */; };
		39E18C8022323C6F00FBC230 /* Stack.swift in Sources */ = {isa = PBXBuildFile; fileRef = 39E18C7F22323C6F00FBC230 /* Stack.swift */; };
		39E6FCC622265FA400088095 /* RxSwiftExampleViewController.swift in Sources */ = {isa = PBXBuildFile; fileRef = 39E6FCC522265FA400088095 /* RxSwiftExampleViewController.swift */; };
		39EB10582224DC9A00EA4434 /* AppDelegate.swift in Sources */ = {isa = PBXBuildFile; fileRef = 39EB10572224DC9A00EA4434 /* AppDelegate.swift */; };
		39EB105A2224DC9A00EA4434 /* DemosViewController.swift in Sources */ = {isa = PBXBuildFile; fileRef = 39EB10592224DC9A00EA4434 /* DemosViewController.swift */; };
		39EB105D2224DC9A00EA4434 /* Main.storyboard in Resources */ = {isa = PBXBuildFile; fileRef = 39EB105B2224DC9A00EA4434 /* Main.storyboard */; };
		39EB105F2224DC9C00EA4434 /* Assets.xcassets in Resources */ = {isa = PBXBuildFile; fileRef = 39EB105E2224DC9C00EA4434 /* Assets.xcassets */; };
		39EB10622224DC9C00EA4434 /* LaunchScreen.storyboard in Resources */ = {isa = PBXBuildFile; fileRef = 39EB10602224DC9C00EA4434 /* LaunchScreen.storyboard */; };
		7A26DDD1242D9DD2AA9203DC /* Pods_iOSdemos.framework in Frameworks */ = {isa = PBXBuildFile; fileRef = 3CCB2FE937D988E19541E77F /* Pods_iOSdemos.framework */; };
/* End PBXBuildFile section */

/* Begin PBXFileReference section */
		392657D422324B65007B4808 /* InsertionSort.swift */ = {isa = PBXFileReference; lastKnownFileType = sourcecode.swift; path = InsertionSort.swift; sourceTree = "<group>"; };
		39E18C7C2232194C00FBC230 /* playground.playground */ = {isa = PBXFileReference; lastKnownFileType = file.playground; path = playground.playground; sourceTree = "<group>"; xcLanguageSpecificationIdentifier = xcode.lang.swift; };
		39E18C7D223239AC00FBC230 /* Queue.swift */ = {isa = PBXFileReference; lastKnownFileType = sourcecode.swift; path = Queue.swift; sourceTree = "<group>"; };
		39E18C7F22323C6F00FBC230 /* Stack.swift */ = {isa = PBXFileReference; lastKnownFileType = sourcecode.swift; path = Stack.swift; sourceTree = "<group>"; };
		39E6FCC522265FA400088095 /* RxSwiftExampleViewController.swift */ = {isa = PBXFileReference; lastKnownFileType = sourcecode.swift; path = RxSwiftExampleViewController.swift; sourceTree = "<group>"; };
		39EB10542224DC9A00EA4434 /* iOSdemos.app */ = {isa = PBXFileReference; explicitFileType = wrapper.application; includeInIndex = 0; path = iOSdemos.app; sourceTree = BUILT_PRODUCTS_DIR; };
		39EB10572224DC9A00EA4434 /* AppDelegate.swift */ = {isa = PBXFileReference; lastKnownFileType = sourcecode.swift; path = AppDelegate.swift; sourceTree = "<group>"; };
		39EB10592224DC9A00EA4434 /* DemosViewController.swift */ = {isa = PBXFileReference; lastKnownFileType = sourcecode.swift; path = DemosViewController.swift; sourceTree = "<group>"; };
		39EB105C2224DC9A00EA4434 /* Base */ = {isa = PBXFileReference; lastKnownFileType = file.storyboard; name = Base; path = Base.lproj/Main.storyboard; sourceTree = "<group>"; };
		39EB105E2224DC9C00EA4434 /* Assets.xcassets */ = {isa = PBXFileReference; lastKnownFileType = folder.assetcatalog; path = Assets.xcassets; sourceTree = "<group>"; };
		39EB10612224DC9C00EA4434 /* Base */ = {isa = PBXFileReference; lastKnownFileType = file.storyboard; name = Base; path = Base.lproj/LaunchScreen.storyboard; sourceTree = "<group>"; };
		39EB10632224DC9C00EA4434 /* Info.plist */ = {isa = PBXFileReference; lastKnownFileType = text.plist.xml; path = Info.plist; sourceTree = "<group>"; };
		3CCB2FE937D988E19541E77F /* Pods_iOSdemos.framework */ = {isa = PBXFileReference; explicitFileType = wrapper.framework; includeInIndex = 0; path = Pods_iOSdemos.framework; sourceTree = BUILT_PRODUCTS_DIR; };
		544FB63F4864F1AE33DD1215 /* Pods-iOSdemos.release.xcconfig */ = {isa = PBXFileReference; includeInIndex = 1; lastKnownFileType = text.xcconfig; name = "Pods-iOSdemos.release.xcconfig"; path = "Pods/Target Support Files/Pods-iOSdemos/Pods-iOSdemos.release.xcconfig"; sourceTree = "<group>"; };
		D9964B65CEA9C7CAAB6E2381 /* Pods-iOSdemos.debug.xcconfig */ = {isa = PBXFileReference; includeInIndex = 1; lastKnownFileType = text.xcconfig; name = "Pods-iOSdemos.debug.xcconfig"; path = "Pods/Target Support Files/Pods-iOSdemos/Pods-iOSdemos.debug.xcconfig"; sourceTree = "<group>"; };
/* End PBXFileReference section */

/* Begin PBXFrameworksBuildPhase section */
		39EB10512224DC9A00EA4434 /* Frameworks */ = {
			isa = PBXFrameworksBuildPhase;
			buildActionMask = 2147483647;
			files = (
				7A26DDD1242D9DD2AA9203DC /* Pods_iOSdemos.framework in Frameworks */,
			);
			runOnlyForDeploymentPostprocessing = 0;
		};
/* End PBXFrameworksBuildPhase section */

/* Begin PBXGroup section */
		39E18C7B223218F400FBC230 /* Algorithm */ = {
			isa = PBXGroup;
			children = (
				39E18C7C2232194C00FBC230 /* playground.playground */,
				39E18C7F22323C6F00FBC230 /* Stack.swift */,
				39E18C7D223239AC00FBC230 /* Queue.swift */,
				392657D422324B65007B4808 /* InsertionSort.swift */,
			);
			path = Algorithm;
			sourceTree = "<group>";
		};
		39E6FCC422265F4E00088095 /* RxSwift */ = {
			isa = PBXGroup;
			children = (
				39E6FCC522265FA400088095 /* RxSwiftExampleViewController.swift */,
			);
			path = RxSwift;
			sourceTree = "<group>";
		};
		39EB104B2224DC9A00EA4434 = {
			isa = PBXGroup;
			children = (
				39EB10562224DC9A00EA4434 /* iOSdemos */,
				39EB10552224DC9A00EA4434 /* Products */,
				9AE9689826419B1975E37E1E /* Pods */,
				753BA1650C86346852EB30DE /* Frameworks */,
			);
			sourceTree = "<group>";
		};
		39EB10552224DC9A00EA4434 /* Products */ = {
			isa = PBXGroup;
			children = (
				39EB10542224DC9A00EA4434 /* iOSdemos.app */,
			);
			name = Products;
			sourceTree = "<group>";
		};
		39EB10562224DC9A00EA4434 /* iOSdemos */ = {
			isa = PBXGroup;
			children = (
				39EB10572224DC9A00EA4434 /* AppDelegate.swift */,
				39EB10592224DC9A00EA4434 /* DemosViewController.swift */,
				39E18C7B223218F400FBC230 /* Algorithm */,
				39E6FCC422265F4E00088095 /* RxSwift */,
				39EB105B2224DC9A00EA4434 /* Main.storyboard */,
				39EB105E2224DC9C00EA4434 /* Assets.xcassets */,
				39EB10602224DC9C00EA4434 /* LaunchScreen.storyboard */,
				39EB10632224DC9C00EA4434 /* Info.plist */,
			);
			path = iOSdemos;
			sourceTree = "<group>";
		};
		753BA1650C86346852EB30DE /* Frameworks */ = {
			isa = PBXGroup;
			children = (
				3CCB2FE937D988E19541E77F /* Pods_iOSdemos.framework */,
			);
			name = Frameworks;
			sourceTree = "<group>";
		};
		9AE9689826419B1975E37E1E /* Pods */ = {
			isa = PBXGroup;
			children = (
				D9964B65CEA9C7CAAB6E2381 /* Pods-iOSdemos.debug.xcconfig */,
				544FB63F4864F1AE33DD1215 /* Pods-iOSdemos.release.xcconfig */,
			);
			name = Pods;
			sourceTree = "<group>";
		};
/* End PBXGroup section */

/* Begin PBXNativeTarget section */
		39EB10532224DC9A00EA4434 /* iOSdemos */ = {
			isa = PBXNativeTarget;
			buildConfigurationList = 39EB10662224DC9C00EA4434 /* Build configuration list for PBXNativeTarget "iOSdemos" */;
			buildPhases = (
				C7E32D77EAC335DC313C231E /* [CP] Check Pods Manifest.lock */,
				39EB10502224DC9A00EA4434 /* Sources */,
				39EB10512224DC9A00EA4434 /* Frameworks */,
				39EB10522224DC9A00EA4434 /* Resources */,
				292F328FA449F7C413FB2265 /* [CP] Embed Pods Frameworks */,
			);
			buildRules = (
			);
			dependencies = (
			);
			name = iOSdemos;
			productName = iOSdemos;
			productReference = 39EB10542224DC9A00EA4434 /* iOSdemos.app */;
			productType = "com.apple.product-type.application";
		};
/* End PBXNativeTarget section */

/* Begin PBXProject section */
		39EB104C2224DC9A00EA4434 /* Project object */ = {
			isa = PBXProject;
			attributes = {
				LastSwiftUpdateCheck = 1010;
				LastUpgradeCheck = 1010;
				ORGANIZATIONNAME = yumez;
				TargetAttributes = {
					39EB10532224DC9A00EA4434 = {
						CreatedOnToolsVersion = 10.1;
					};
				};
			};
			buildConfigurationList = 39EB104F2224DC9A00EA4434 /* Build configuration list for PBXProject "iOSdemos" */;
			compatibilityVersion = "Xcode 9.3";
			developmentRegion = en;
			hasScannedForEncodings = 0;
			knownRegions = (
				en,
				Base,
			);
			mainGroup = 39EB104B2224DC9A00EA4434;
			productRefGroup = 39EB10552224DC9A00EA4434 /* Products */;
			projectDirPath = "";
			projectRoot = "";
			targets = (
				39EB10532224DC9A00EA4434 /* iOSdemos */,
			);
		};
/* End PBXProject section */

/* Begin PBXResourcesBuildPhase section */
		39EB10522224DC9A00EA4434 /* Resources */ = {
			isa = PBXResourcesBuildPhase;
			buildActionMask = 2147483647;
			files = (
				39EB10622224DC9C00EA4434 /* LaunchScreen.storyboard in Resources */,
				39EB105F2224DC9C00EA4434 /* Assets.xcassets in Resources */,
				39EB105D2224DC9A00EA4434 /* Main.storyboard in Resources */,
			);
			runOnlyForDeploymentPostprocessing = 0;
		};
/* End PBXResourcesBuildPhase section */

/* Begin PBXShellScriptBuildPhase section */
		292F328FA449F7C413FB2265 /* [CP] Embed Pods Frameworks */ = {
			isa = PBXShellScriptBuildPhase;
			buildActionMask = 2147483647;
			files = (
			);
			inputFileListPaths = (
			);
			inputPaths = (
				"${SRCROOT}/Pods/Target Support Files/Pods-iOSdemos/Pods-iOSdemos-frameworks.sh",
				"${BUILT_PRODUCTS_DIR}/Differentiator/Differentiator.framework",
				"${PODS_ROOT}/Reveal-SDK/RevealServer-2/iOS/RevealServer.framework",
				"${BUILT_PRODUCTS_DIR}/RxAtomic/RxAtomic.framework",
				"${BUILT_PRODUCTS_DIR}/RxCocoa/RxCocoa.framework",
				"${BUILT_PRODUCTS_DIR}/RxDataSources/RxDataSources.framework",
				"${BUILT_PRODUCTS_DIR}/RxSwift/RxSwift.framework",
			);
			name = "[CP] Embed Pods Frameworks";
			outputFileListPaths = (
			);
			outputPaths = (
				"${TARGET_BUILD_DIR}/${FRAMEWORKS_FOLDER_PATH}/Differentiator.framework",
				"${TARGET_BUILD_DIR}/${FRAMEWORKS_FOLDER_PATH}/RevealServer.framework",
				"${TARGET_BUILD_DIR}/${FRAMEWORKS_FOLDER_PATH}/RxAtomic.framework",
				"${TARGET_BUILD_DIR}/${FRAMEWORKS_FOLDER_PATH}/RxCocoa.framework",
				"${TARGET_BUILD_DIR}/${FRAMEWORKS_FOLDER_PATH}/RxDataSources.framework",
				"${TARGET_BUILD_DIR}/${FRAMEWORKS_FOLDER_PATH}/RxSwift.framework",
			);
			runOnlyForDeploymentPostprocessing = 0;
			shellPath = /bin/sh;
			shellScript = "\"${SRCROOT}/Pods/Target Support Files/Pods-iOSdemos/Pods-iOSdemos-frameworks.sh\"\n";
			showEnvVarsInLog = 0;
		};
		C7E32D77EAC335DC313C231E /* [CP] Check Pods Manifest.lock */ = {
			isa = PBXShellScriptBuildPhase;
			buildActionMask = 2147483647;
			files = (
			);
			inputFileListPaths = (
			);
			inputPaths = (
				"${PODS_PODFILE_DIR_PATH}/Podfile.lock",
				"${PODS_ROOT}/Manifest.lock",
			);
			name = "[CP] Check Pods Manifest.lock";
			outputFileListPaths = (
			);
			outputPaths = (
				"$(DERIVED_FILE_DIR)/Pods-iOSdemos-checkManifestLockResult.txt",
			);
			runOnlyForDeploymentPostprocessing = 0;
			shellPath = /bin/sh;
			shellScript = "diff \"${PODS_PODFILE_DIR_PATH}/Podfile.lock\" \"${PODS_ROOT}/Manifest.lock\" > /dev/null\nif [ $? != 0 ] ; then\n    # print error to STDERR\n    echo \"error: The sandbox is not in sync with the Podfile.lock. Run 'pod install' or update your CocoaPods installation.\" >&2\n    exit 1\nfi\n# This output is used by Xcode 'outputs' to avoid re-running this script phase.\necho \"SUCCESS\" > \"${SCRIPT_OUTPUT_FILE_0}\"\n";
			showEnvVarsInLog = 0;
		};
/* End PBXShellScriptBuildPhase section */

/* Begin PBXSourcesBuildPhase section */
		39EB10502224DC9A00EA4434 /* Sources */ = {
			isa = PBXSourcesBuildPhase;
			buildActionMask = 2147483647;
			files = (
				39EB105A2224DC9A00EA4434 /* DemosViewController.swift in Sources */,
				39E18C8022323C6F00FBC230 /* Stack.swift in Sources */,
				39EB10582224DC9A00EA4434 /* AppDelegate.swift in Sources */,
				392657D522324B65007B4808 /* InsertionSort.swift in Sources */,
				39E6FCC622265FA400088095 /* RxSwiftExampleViewController.swift in Sources */,
				39E18C7E223239AC00FBC230 /* Queue.swift in Sources */,
			);
			runOnlyForDeploymentPostprocessing = 0;
		};
/* End PBXSourcesBuildPhase section */

/* Begin PBXVariantGroup section */
		39EB105B2224DC9A00EA4434 /* Main.storyboard */ = {
			isa = PBXVariantGroup;
			children = (
				39EB105C2224DC9A00EA4434 /* Base */,
			);
			name = Main.storyboard;
			sourceTree = "<group>";
		};
		39EB10602224DC9C00EA4434 /* LaunchScreen.storyboard */ = {
			isa = PBXVariantGroup;
			children = (
				39EB10612224DC9C00EA4434 /* Base */,
			);
			name = LaunchScreen.storyboard;
			sourceTree = "<group>";
		};
/* End PBXVariantGroup section */

/* Begin XCBuildConfiguration section */
		39EB10642224DC9C00EA4434 /* Debug */ = {
			isa = XCBuildConfiguration;
			buildSettings = {
				ALWAYS_SEARCH_USER_PATHS = NO;
				CLANG_ANALYZER_NONNULL = YES;
				CLANG_ANALYZER_NUMBER_OBJECT_CONVERSION = YES_AGGRESSIVE;
				CLANG_CXX_LANGUAGE_STANDARD = "gnu++14";
				CLANG_CXX_LIBRARY = "libc++";
				CLANG_ENABLE_MODULES = YES;
				CLANG_ENABLE_OBJC_ARC = YES;
				CLANG_ENABLE_OBJC_WEAK = YES;
				CLANG_WARN_BLOCK_CAPTURE_AUTORELEASING = YES;
				CLANG_WARN_BOOL_CONVERSION = YES;
				CLANG_WARN_COMMA = YES;
				CLANG_WARN_CONSTANT_CONVERSION = YES;
				CLANG_WARN_DEPRECATED_OBJC_IMPLEMENTATIONS = YES;
				CLANG_WARN_DIRECT_OBJC_ISA_USAGE = YES_ERROR;
				CLANG_WARN_DOCUMENTATION_COMMENTS = YES;
				CLANG_WARN_EMPTY_BODY = YES;
				CLANG_WARN_ENUM_CONVERSION = YES;
				CLANG_WARN_INFINITE_RECURSION = YES;
				CLANG_WARN_INT_CONVERSION = YES;
				CLANG_WARN_NON_LITERAL_NULL_CONVERSION = YES;
				CLANG_WARN_OBJC_IMPLICIT_RETAIN_SELF = YES;
				CLANG_WARN_OBJC_LITERAL_CONVERSION = YES;
				CLANG_WARN_OBJC_ROOT_CLASS = YES_ERROR;
				CLANG_WARN_RANGE_LOOP_ANALYSIS = YES;
				CLANG_WARN_STRICT_PROTOTYPES = YES;
				CLANG_WARN_SUSPICIOUS_MOVE = YES;
				CLANG_WARN_UNGUARDED_AVAILABILITY = YES_AGGRESSIVE;
				CLANG_WARN_UNREACHABLE_CODE = YES;
				CLANG_WARN__DUPLICATE_METHOD_MATCH = YES;
				CODE_SIGN_IDENTITY = "iPhone Developer";
				COPY_PHASE_STRIP = NO;
				DEBUG_INFORMATION_FORMAT = dwarf;
				ENABLE_STRICT_OBJC_MSGSEND = YES;
				ENABLE_TESTABILITY = YES;
				GCC_C_LANGUAGE_STANDARD = gnu11;
				GCC_DYNAMIC_NO_PIC = NO;
				GCC_NO_COMMON_BLOCKS = YES;
				GCC_OPTIMIZATION_LEVEL = 0;
				GCC_PREPROCESSOR_DEFINITIONS = (
					"DEBUG=1",
					"$(inherited)",
				);
				GCC_WARN_64_TO_32_BIT_CONVERSION = YES;
				GCC_WARN_ABOUT_RETURN_TYPE = YES_ERROR;
				GCC_WARN_UNDECLARED_SELECTOR = YES;
				GCC_WARN_UNINITIALIZED_AUTOS = YES_AGGRESSIVE;
				GCC_WARN_UNUSED_FUNCTION = YES;
				GCC_WARN_UNUSED_VARIABLE = YES;
				IPHONEOS_DEPLOYMENT_TARGET = 12.1;
				MTL_ENABLE_DEBUG_INFO = INCLUDE_SOURCE;
				MTL_FAST_MATH = YES;
				ONLY_ACTIVE_ARCH = YES;
				SDKROOT = iphoneos;
				SWIFT_ACTIVE_COMPILATION_CONDITIONS = DEBUG;
				SWIFT_OPTIMIZATION_LEVEL = "-Onone";
			};
			name = Debug;
		};
		39EB10652224DC9C00EA4434 /* Release */ = {
			isa = XCBuildConfiguration;
			buildSettings = {
				ALWAYS_SEARCH_USER_PATHS = NO;
				CLANG_ANALYZER_NONNULL = YES;
				CLANG_ANALYZER_NUMBER_OBJECT_CONVERSION = YES_AGGRESSIVE;
				CLANG_CXX_LANGUAGE_STANDARD = "gnu++14";
				CLANG_CXX_LIBRARY = "libc++";
				CLANG_ENABLE_MODULES = YES;
				CLANG_ENABLE_OBJC_ARC = YES;
				CLANG_ENABLE_OBJC_WEAK = YES;
				CLANG_WARN_BLOCK_CAPTURE_AUTORELEASING = YES;
				CLANG_WARN_BOOL_CONVERSION = YES;
				CLANG_WARN_COMMA = YES;
				CLANG_WARN_CONSTANT_CONVERSION = YES;
				CLANG_WARN_DEPRECATED_OBJC_IMPLEMENTATIONS = YES;
				CLANG_WARN_DIRECT_OBJC_ISA_USAGE = YES_ERROR;
				CLANG_WARN_DOCUMENTATION_COMMENTS = YES;
				CLANG_WARN_EMPTY_BODY = YES;
				CLANG_WARN_ENUM_CONVERSION = YES;
				CLANG_WARN_INFINITE_RECURSION = YES;
				CLANG_WARN_INT_CONVERSION = YES;
				CLANG_WARN_NON_LITERAL_NULL_CONVERSION = YES;
				CLANG_WARN_OBJC_IMPLICIT_RETAIN_SELF = YES;
				CLANG_WARN_OBJC_LITERAL_CONVERSION = YES;
				CLANG_WARN_OBJC_ROOT_CLASS = YES_ERROR;
				CLANG_WARN_RANGE_LOOP_ANALYSIS = YES;
				CLANG_WARN_STRICT_PROTOTYPES = YES;
				CLANG_WARN_SUSPICIOUS_MOVE = YES;
				CLANG_WARN_UNGUARDED_AVAILABILITY = YES_AGGRESSIVE;
				CLANG_WARN_UNREACHABLE_CODE = YES;
				CLANG_WARN__DUPLICATE_METHOD_MATCH = YES;
				CODE_SIGN_IDENTITY = "iPhone Developer";
				COPY_PHASE_STRIP = NO;
				DEBUG_INFORMATION_FORMAT = "dwarf-with-dsym";
				ENABLE_NS_ASSERTIONS = NO;
				ENABLE_STRICT_OBJC_MSGSEND = YES;
				GCC_C_LANGUAGE_STANDARD = gnu11;
				GCC_NO_COMMON_BLOCKS = YES;
				GCC_WARN_64_TO_32_BIT_CONVERSION = YES;
				GCC_WARN_ABOUT_RETURN_TYPE = YES_ERROR;
				GCC_WARN_UNDECLARED_SELECTOR = YES;
				GCC_WARN_UNINITIALIZED_AUTOS = YES_AGGRESSIVE;
				GCC_WARN_UNUSED_FUNCTION = YES;
				GCC_WARN_UNUSED_VARIABLE = YES;
				IPHONEOS_DEPLOYMENT_TARGET = 12.1;
				MTL_ENABLE_DEBUG_INFO = NO;
				MTL_FAST_MATH = YES;
				SDKROOT = iphoneos;
				SWIFT_COMPILATION_MODE = wholemodule;
				SWIFT_OPTIMIZATION_LEVEL = "-O";
				VALIDATE_PRODUCT = YES;
			};
			name = Release;
		};
		39EB10672224DC9C00EA4434 /* Debug */ = {
			isa = XCBuildConfiguration;
			baseConfigurationReference = D9964B65CEA9C7CAAB6E2381 /* Pods-iOSdemos.debug.xcconfig */;
			buildSettings = {
				ASSETCATALOG_COMPILER_APPICON_NAME = AppIcon;
				CODE_SIGN_STYLE = Automatic;
				DEVELOPMENT_TEAM = F8MDM8888R;
				INFOPLIST_FILE = iOSdemos/Info.plist;
				IPHONEOS_DEPLOYMENT_TARGET = 9.0;
				LD_RUNPATH_SEARCH_PATHS = (
					"$(inherited)",
					"@executable_path/Frameworks",
				);
				PRODUCT_BUNDLE_IDENTIFIER = cn.yumez.iOSdemos;
				PRODUCT_NAME = "$(TARGET_NAME)";
				SWIFT_VERSION = 4.2;
				TARGETED_DEVICE_FAMILY = 1;
			};
			name = Debug;
		};
		39EB10682224DC9C00EA4434 /* Release */ = {
			isa = XCBuildConfiguration;
			baseConfigurationReference = 544FB63F4864F1AE33DD1215 /* Pods-iOSdemos.release.xcconfig */;
			buildSettings = {
				ASSETCATALOG_COMPILER_APPICON_NAME = AppIcon;
				CODE_SIGN_STYLE = Automatic;
				DEVELOPMENT_TEAM = F8MDM8888R;
				INFOPLIST_FILE = iOSdemos/Info.plist;
				IPHONEOS_DEPLOYMENT_TARGET = 9.0;
				LD_RUNPATH_SEARCH_PATHS = (
					"$(inherited)",
					"@executable_path/Frameworks",
				);
				PRODUCT_BUNDLE_IDENTIFIER = cn.yumez.iOSdemos;
				PRODUCT_NAME = "$(TARGET_NAME)";
				SWIFT_VERSION = 4.2;
				TARGETED_DEVICE_FAMILY = 1;
			};
			name = Release;
		};
/* End XCBuildConfiguration section */

/* Begin XCConfigurationList section */
		39EB104F2224DC9A00EA4434 /* Build configuration list for PBXProject "iOSdemos" */ = {
			isa = XCConfigurationList;
			buildConfigurations = (
				39EB10642224DC9C00EA4434 /* Debug */,
				39EB10652224DC9C00EA4434 /* Release */,
			);
			defaultConfigurationIsVisible = 0;
			defaultConfigurationName = Release;
		};
		39EB10662224DC9C00EA4434 /* Build configuration list for PBXNativeTarget "iOSdemos" */ = {
			isa = XCConfigurationList;
			buildConfigurations = (
				39EB10672224DC9C00EA4434 /* Debug */,
				39EB10682224DC9C00EA4434 /* Release */,
			);
			defaultConfigurationIsVisible = 0;
			defaultConfigurationName = Release;
		};
/* End XCConfigurationList section */
	};
	rootObject = 39EB104C2224DC9A00EA4434 /* Project object */;
}
